
Microsoft Visual Studio Solution File, Format Version 9.00
# Visual C++ Express 2005
Project("{8BC9CEB8-8B4A-11D0-8D11-00A0C91BC942}") = "AGH", "..\AGH\AGH.vcproj", "{F8A36A8A-4762-464B-943F-97530D1AD429}"
EndProject
Project("{8BC9CEB8-8B4A-11D0-8D11-00A0C91BC942}") = "mgllib", "mgllib.vcproj", "{04C60DAC-1737-4F8A-B1F7-7B0FD4819AE6}"
EndProject
Global
	GlobalSection(SolutionConfigurationPlatforms) = preSolution
		Debug|Win32 = Debug|Win32
		Release|Win32 = Release|Win32
	EndGlobalSection
	GlobalSection(ProjectConfigurationPlatforms) = postSolution
		{F8A36A8A-4762-464B-943F-97530D1AD429}.Debug|Win32.ActiveCfg = Debug|Win32
		{F8A36A8A-4762-464B-943F-97530D1AD429}.Debug|Win32.Build.0 = Debug|Win32
		{F8A36A8A-4762-464B-943F-97530D1AD429}.Release|Win32.ActiveCfg = Release|Win32
		{F8A36A8A-4762-464B-943F-97530D1AD429}.Release|Win32.Build.0 = Release|Win32
		{04C60DAC-1737-4F8A-B1F7-7B0FD4819AE6}.Debug|Win32.ActiveCfg = Debug|Win32
		{04C60DAC-1737-4F8A-B1F7-7B0FD4819AE6}.Debug|Win32.Build.0 = Debug|Win32
		{04C60DAC-1737-4F8A-B1F7-7B0FD4819AE6}.Release|Win32.ActiveCfg = Release|Win32
		{04C60DAC-1737-4F8A-B1F7-7B0FD4819AE6}.Release|Win32.Build.0 = Release|Win32
	EndGlobalSection
	GlobalSection(SolutionProperties) = preSolution
		HideSolutionNode = FALSE
	EndGlobalSection
EndGlobal
